// !$*UTF8*$!
{
	archiveVersion = 1;
	classes = {
	};
	objectVersion = 50;
	objects = {

/* Begin PBXBuildFile section */
		331FAD072139622F009CED5F /* MapViewController.swift in Sources */ = {isa = PBXBuildFile; fileRef = 331FAD062139622F009CED5F /* MapViewController.swift */; };
		E90CFC30213924C2009304EB /* AppDelegate.swift in Sources */ = {isa = PBXBuildFile; fileRef = E90CFC2F213924C2009304EB /* AppDelegate.swift */; };
		E90CFC32213924C2009304EB /* LandingViewController.swift in Sources */ = {isa = PBXBuildFile; fileRef = E90CFC31213924C2009304EB /* LandingViewController.swift */; };
		E90CFC35213924C2009304EB /* Main.storyboard in Resources */ = {isa = PBXBuildFile; fileRef = E90CFC33213924C2009304EB /* Main.storyboard */; };
		E90CFC37213924C3009304EB /* Assets.xcassets in Resources */ = {isa = PBXBuildFile; fileRef = E90CFC36213924C3009304EB /* Assets.xcassets */; };
		E90CFC3A213924C3009304EB /* LaunchScreen.storyboard in Resources */ = {isa = PBXBuildFile; fileRef = E90CFC38213924C3009304EB /* LaunchScreen.storyboard */; };
		E90CFC45213924C3009304EB /* TrackLiveTests.swift in Sources */ = {isa = PBXBuildFile; fileRef = E90CFC44213924C3009304EB /* TrackLiveTests.swift */; };
		E90CFC50213924C3009304EB /* TrackLiveUITests.swift in Sources */ = {isa = PBXBuildFile; fileRef = E90CFC4F213924C3009304EB /* TrackLiveUITests.swift */; };
		E90CFC6021392891009304EB /* Podfile in Resources */ = {isa = PBXBuildFile; fileRef = E90CFC5F21392890009304EB /* Podfile */; };
/* End PBXBuildFile section */

/* Begin PBXContainerItemProxy section */
		E90CFC41213924C3009304EB /* PBXContainerItemProxy */ = {
			isa = PBXContainerItemProxy;
			containerPortal = E90CFC24213924C2009304EB /* Project object */;
			proxyType = 1;
			remoteGlobalIDString = E90CFC2B213924C2009304EB;
			remoteInfo = TrackLive;
		};
		E90CFC4C213924C3009304EB /* PBXContainerItemProxy */ = {
			isa = PBXContainerItemProxy;
			containerPortal = E90CFC24213924C2009304EB /* Project object */;
			proxyType = 1;
			remoteGlobalIDString = E90CFC2B213924C2009304EB;
			remoteInfo = TrackLive;
		};
/* End PBXContainerItemProxy section */

/* Begin PBXFileReference section */
		26ADA49BBEC6BD0AB3EA10EE /* Pods-TrackLive.debug.xcconfig */ = {isa = PBXFileReference; includeInIndex = 1; lastKnownFileType = text.xcconfig; name = "Pods-TrackLive.debug.xcconfig"; path = "Pods/Target Support Files/Pods-TrackLive/Pods-TrackLive.debug.xcconfig"; sourceTree = "<group>"; };
		331FAD062139622F009CED5F /* MapViewController.swift */ = {isa = PBXFileReference; lastKnownFileType = sourcecode.swift; path = MapViewController.swift; sourceTree = "<group>"; };
		E1857736DAD0C57F462A24BD /* Pods-TrackLive.release.xcconfig */ = {isa = PBXFileReference; includeInIndex = 1; lastKnownFileType = text.xcconfig; name = "Pods-TrackLive.release.xcconfig"; path = "Pods/Target Support Files/Pods-TrackLive/Pods-TrackLive.release.xcconfig"; sourceTree = "<group>"; };
		E90CFC2C213924C2009304EB /* TrackLive.app */ = {isa = PBXFileReference; explicitFileType = wrapper.application; includeInIndex = 0; path = TrackLive.app; sourceTree = BUILT_PRODUCTS_DIR; };
		E90CFC2F213924C2009304EB /* AppDelegate.swift */ = {isa = PBXFileReference; lastKnownFileType = sourcecode.swift; path = AppDelegate.swift; sourceTree = "<group>"; };
		E90CFC31213924C2009304EB /* LandingViewController.swift */ = {isa = PBXFileReference; lastKnownFileType = sourcecode.swift; path = LandingViewController.swift; sourceTree = "<group>"; };
		E90CFC34213924C2009304EB /* Base */ = {isa = PBXFileReference; lastKnownFileType = file.storyboard; name = Base; path = Base.lproj/Main.storyboard; sourceTree = "<group>"; };
		E90CFC36213924C3009304EB /* Assets.xcassets */ = {isa = PBXFileReference; lastKnownFileType = folder.assetcatalog; path = Assets.xcassets; sourceTree = "<group>"; };
		E90CFC39213924C3009304EB /* Base */ = {isa = PBXFileReference; lastKnownFileType = file.storyboard; name = Base; path = Base.lproj/LaunchScreen.storyboard; sourceTree = "<group>"; };
		E90CFC3B213924C3009304EB /* Info.plist */ = {isa = PBXFileReference; lastKnownFileType = text.plist.xml; path = Info.plist; sourceTree = "<group>"; };
		E90CFC40213924C3009304EB /* TrackLiveTests.xctest */ = {isa = PBXFileReference; explicitFileType = wrapper.cfbundle; includeInIndex = 0; path = TrackLiveTests.xctest; sourceTree = BUILT_PRODUCTS_DIR; };
		E90CFC44213924C3009304EB /* TrackLiveTests.swift */ = {isa = PBXFileReference; lastKnownFileType = sourcecode.swift; path = TrackLiveTests.swift; sourceTree = "<group>"; };
		E90CFC46213924C3009304EB /* Info.plist */ = {isa = PBXFileReference; lastKnownFileType = text.plist.xml; path = Info.plist; sourceTree = "<group>"; };
		E90CFC4B213924C3009304EB /* TrackLiveUITests.xctest */ = {isa = PBXFileReference; explicitFileType = wrapper.cfbundle; includeInIndex = 0; path = TrackLiveUITests.xctest; sourceTree = BUILT_PRODUCTS_DIR; };
		E90CFC4F213924C3009304EB /* TrackLiveUITests.swift */ = {isa = PBXFileReference; lastKnownFileType = sourcecode.swift; path = TrackLiveUITests.swift; sourceTree = "<group>"; };
		E90CFC51213924C3009304EB /* Info.plist */ = {isa = PBXFileReference; lastKnownFileType = text.plist.xml; path = Info.plist; sourceTree = "<group>"; };
		E90CFC5F21392890009304EB /* Podfile */ = {isa = PBXFileReference; fileEncoding = 4; lastKnownFileType = text; path = Podfile; sourceTree = "<group>"; };
/* End PBXFileReference section */

/* Begin PBXFrameworksBuildPhase section */
		E90CFC29213924C2009304EB /* Frameworks */ = {
			isa = PBXFrameworksBuildPhase;
			buildActionMask = 2147483647;
			files = (
			);
			runOnlyForDeploymentPostprocessing = 0;
		};
		E90CFC3D213924C3009304EB /* Frameworks */ = {
			isa = PBXFrameworksBuildPhase;
			buildActionMask = 2147483647;
			files = (
			);
			runOnlyForDeploymentPostprocessing = 0;
		};
		E90CFC48213924C3009304EB /* Frameworks */ = {
			isa = PBXFrameworksBuildPhase;
			buildActionMask = 2147483647;
			files = (
			);
			runOnlyForDeploymentPostprocessing = 0;
		};
/* End PBXFrameworksBuildPhase section */

/* Begin PBXGroup section */
		38E6DD754C124B0528D0DC92 /* Frameworks */ = {
			isa = PBXGroup;
			children = (
			);
			name = Frameworks;
			sourceTree = "<group>";
		};
		CB935AE47F947F00381E2F94 /* Pods */ = {
			isa = PBXGroup;
			children = (
				26ADA49BBEC6BD0AB3EA10EE /* Pods-TrackLive.debug.xcconfig */,
				E1857736DAD0C57F462A24BD /* Pods-TrackLive.release.xcconfig */,
			);
			name = Pods;
			sourceTree = "<group>";
		};
		E90CFC23213924C2009304EB = {
			isa = PBXGroup;
			children = (
				E90CFC5F21392890009304EB /* Podfile */,
				E90CFC2E213924C2009304EB /* TrackLive */,
				E90CFC43213924C3009304EB /* TrackLiveTests */,
				E90CFC4E213924C3009304EB /* TrackLiveUITests */,
				E90CFC2D213924C2009304EB /* Products */,
				CB935AE47F947F00381E2F94 /* Pods */,
				38E6DD754C124B0528D0DC92 /* Frameworks */,
			);
			sourceTree = "<group>";
		};
		E90CFC2D213924C2009304EB /* Products */ = {
			isa = PBXGroup;
			children = (
				E90CFC2C213924C2009304EB /* TrackLive.app */,
				E90CFC40213924C3009304EB /* TrackLiveTests.xctest */,
				E90CFC4B213924C3009304EB /* TrackLiveUITests.xctest */,
			);
			name = Products;
			sourceTree = "<group>";
		};
		E90CFC2E213924C2009304EB /* TrackLive */ = {
			isa = PBXGroup;
			children = (
				E90CFC2F213924C2009304EB /* AppDelegate.swift */,
				E90CFC31213924C2009304EB /* LandingViewController.swift */,
				E90CFC33213924C2009304EB /* Main.storyboard */,
				E90CFC36213924C3009304EB /* Assets.xcassets */,
				E90CFC38213924C3009304EB /* LaunchScreen.storyboard */,
				E90CFC3B213924C3009304EB /* Info.plist */,
				331FAD062139622F009CED5F /* MapViewController.swift */,
			);
			path = TrackLive;
			sourceTree = "<group>";
		};
		E90CFC43213924C3009304EB /* TrackLiveTests */ = {
			isa = PBXGroup;
			children = (
				E90CFC44213924C3009304EB /* TrackLiveTests.swift */,
				E90CFC46213924C3009304EB /* Info.plist */,
			);
			path = TrackLiveTests;
			sourceTree = "<group>";
		};
		E90CFC4E213924C3009304EB /* TrackLiveUITests */ = {
			isa = PBXGroup;
			children = (
				E90CFC4F213924C3009304EB /* TrackLiveUITests.swift */,
				E90CFC51213924C3009304EB /* Info.plist */,
			);
			path = TrackLiveUITests;
			sourceTree = "<group>";
		};
/* End PBXGroup section */

/* Begin PBXNativeTarget section */
		E90CFC2B213924C2009304EB /* TrackLive */ = {
			isa = PBXNativeTarget;
			buildConfigurationList = E90CFC54213924C3009304EB /* Build configuration list for PBXNativeTarget "TrackLive" */;
			buildPhases = (
				929A3F533C9DA8F2DA53A182 /* [CP] Check Pods Manifest.lock */,
				E90CFC28213924C2009304EB /* Sources */,
				E90CFC29213924C2009304EB /* Frameworks */,
				E90CFC2A213924C2009304EB /* Resources */,
				A85695E4A2600679422BF5B1 /* [CP] Copy Pods Resources */,
			);
			buildRules = (
			);
			dependencies = (
			);
			name = TrackLive;
			productName = TrackLive;
			productReference = E90CFC2C213924C2009304EB /* TrackLive.app */;
			productType = "com.apple.product-type.application";
		};
		E90CFC3F213924C3009304EB /* TrackLiveTests */ = {
			isa = PBXNativeTarget;
			buildConfigurationList = E90CFC57213924C3009304EB /* Build configuration list for PBXNativeTarget "TrackLiveTests" */;
			buildPhases = (
				E90CFC3C213924C3009304EB /* Sources */,
				E90CFC3D213924C3009304EB /* Frameworks */,
				E90CFC3E213924C3009304EB /* Resources */,
			);
			buildRules = (
			);
			dependencies = (
				E90CFC42213924C3009304EB /* PBXTargetDependency */,
			);
			name = TrackLiveTests;
			productName = TrackLiveTests;
			productReference = E90CFC40213924C3009304EB /* TrackLiveTests.xctest */;
			productType = "com.apple.product-type.bundle.unit-test";
		};
		E90CFC4A213924C3009304EB /* TrackLiveUITests */ = {
			isa = PBXNativeTarget;
			buildConfigurationList = E90CFC5A213924C3009304EB /* Build configuration list for PBXNativeTarget "TrackLiveUITests" */;
			buildPhases = (
				E90CFC47213924C3009304EB /* Sources */,
				E90CFC48213924C3009304EB /* Frameworks */,
				E90CFC49213924C3009304EB /* Resources */,
			);
			buildRules = (
			);
			dependencies = (
				E90CFC4D213924C3009304EB /* PBXTargetDependency */,
			);
			name = TrackLiveUITests;
			productName = TrackLiveUITests;
			productReference = E90CFC4B213924C3009304EB /* TrackLiveUITests.xctest */;
			productType = "com.apple.product-type.bundle.ui-testing";
		};
/* End PBXNativeTarget section */

/* Begin PBXProject section */
		E90CFC24213924C2009304EB /* Project object */ = {
			isa = PBXProject;
			attributes = {
				LastSwiftUpdateCheck = 0940;
				LastUpgradeCheck = 0940;
				ORGANIZATIONNAME = OrtecMobile;
				TargetAttributes = {
					E90CFC2B213924C2009304EB = {
						CreatedOnToolsVersion = 9.4.1;
					};
					E90CFC3F213924C3009304EB = {
						CreatedOnToolsVersion = 9.4.1;
						TestTargetID = E90CFC2B213924C2009304EB;
					};
					E90CFC4A213924C3009304EB = {
						CreatedOnToolsVersion = 9.4.1;
						TestTargetID = E90CFC2B213924C2009304EB;
					};
				};
			};
			buildConfigurationList = E90CFC27213924C2009304EB /* Build configuration list for PBXProject "TrackLive" */;
			compatibilityVersion = "Xcode 9.3";
			developmentRegion = en;
			hasScannedForEncodings = 0;
			knownRegions = (
				en,
				Base,
			);
			mainGroup = E90CFC23213924C2009304EB;
			productRefGroup = E90CFC2D213924C2009304EB /* Products */;
			projectDirPath = "";
			projectRoot = "";
			targets = (
				E90CFC2B213924C2009304EB /* TrackLive */,
				E90CFC3F213924C3009304EB /* TrackLiveTests */,
				E90CFC4A213924C3009304EB /* TrackLiveUITests */,
			);
		};
/* End PBXProject section */

/* Begin PBXResourcesBuildPhase section */
		E90CFC2A213924C2009304EB /* Resources */ = {
			isa = PBXResourcesBuildPhase;
			buildActionMask = 2147483647;
			files = (
				E90CFC3A213924C3009304EB /* LaunchScreen.storyboard in Resources */,
				E90CFC37213924C3009304EB /* Assets.xcassets in Resources */,
				E90CFC6021392891009304EB /* Podfile in Resources */,
				E90CFC35213924C2009304EB /* Main.storyboard in Resources */,
			);
			runOnlyForDeploymentPostprocessing = 0;
		};
		E90CFC3E213924C3009304EB /* Resources */ = {
			isa = PBXResourcesBuildPhase;
			buildActionMask = 2147483647;
			files = (
			);
			runOnlyForDeploymentPostprocessing = 0;
		};
		E90CFC49213924C3009304EB /* Resources */ = {
			isa = PBXResourcesBuildPhase;
			buildActionMask = 2147483647;
			files = (
			);
			runOnlyForDeploymentPostprocessing = 0;
		};
/* End PBXResourcesBuildPhase section */

/* Begin PBXShellScriptBuildPhase section */
		929A3F533C9DA8F2DA53A182 /* [CP] Check Pods Manifest.lock */ = {
			isa = PBXShellScriptBuildPhase;
			buildActionMask = 2147483647;
			files = (
			);
			inputPaths = (
				"${PODS_PODFILE_DIR_PATH}/Podfile.lock",
				"${PODS_ROOT}/Manifest.lock",
			);
			name = "[CP] Check Pods Manifest.lock";
			outputPaths = (
				"$(DERIVED_FILE_DIR)/Pods-TrackLive-checkManifestLockResult.txt",
			);
			runOnlyForDeploymentPostprocessing = 0;
			shellPath = /bin/sh;
			shellScript = "diff \"${PODS_PODFILE_DIR_PATH}/Podfile.lock\" \"${PODS_ROOT}/Manifest.lock\" > /dev/null\nif [ $? != 0 ] ; then\n    # print error to STDERR\n    echo \"error: The sandbox is not in sync with the Podfile.lock. Run 'pod install' or update your CocoaPods installation.\" >&2\n    exit 1\nfi\n# This output is used by Xcode 'outputs' to avoid re-running this script phase.\necho \"SUCCESS\" > \"${SCRIPT_OUTPUT_FILE_0}\"\n";
			showEnvVarsInLog = 0;
		};
		A85695E4A2600679422BF5B1 /* [CP] Copy Pods Resources */ = {
			isa = PBXShellScriptBuildPhase;
			buildActionMask = 2147483647;
			files = (
			);
			inputPaths = (
				"${SRCROOT}/Pods/Target Support Files/Pods-TrackLive/Pods-TrackLive-resources.sh",
				"${PODS_ROOT}/GoogleMaps/Maps/Frameworks/GoogleMaps.framework/Resources/GoogleMaps.bundle",
				"${PODS_ROOT}/GooglePlaces/Frameworks/GooglePlaces.framework/Resources/GooglePlaces.bundle",
			);
			name = "[CP] Copy Pods Resources";
			outputPaths = (
				"${TARGET_BUILD_DIR}/${UNLOCALIZED_RESOURCES_FOLDER_PATH}/GoogleMaps.bundle",
				"${TARGET_BUILD_DIR}/${UNLOCALIZED_RESOURCES_FOLDER_PATH}/GooglePlaces.bundle",
			);
			runOnlyForDeploymentPostprocessing = 0;
			shellPath = /bin/sh;
			shellScript = "\"${SRCROOT}/Pods/Target Support Files/Pods-TrackLive/Pods-TrackLive-resources.sh\"\n";
			showEnvVarsInLog = 0;
		};
/* End PBXShellScriptBuildPhase section */

/* Begin PBXSourcesBuildPhase section */
		E90CFC28213924C2009304EB /* Sources */ = {
			isa = PBXSourcesBuildPhase;
			buildActionMask = 2147483647;
			files = (
				E90CFC32213924C2009304EB /* LandingViewController.swift in Sources */,
				331FAD072139622F009CED5F /* MapViewController.swift in Sources */,
				E90CFC30213924C2009304EB /* AppDelegate.swift in Sources */,
			);
			runOnlyForDeploymentPostprocessing = 0;
		};
		E90CFC3C213924C3009304EB /* Sources */ = {
			isa = PBXSourcesBuildPhase;
			buildActionMask = 2147483647;
			files = (
				E90CFC45213924C3009304EB /* TrackLiveTests.swift in Sources */,
			);
			runOnlyForDeploymentPostprocessing = 0;
		};
		E90CFC47213924C3009304EB /* Sources */ = {
			isa = PBXSourcesBuildPhase;
			buildActionMask = 2147483647;
			files = (
				E90CFC50213924C3009304EB /* TrackLiveUITests.swift in Sources */,
			);
			runOnlyForDeploymentPostprocessing = 0;
		};
/* End PBXSourcesBuildPhase section */

/* Begin PBXTargetDependency section */
		E90CFC42213924C3009304EB /* PBXTargetDependency */ = {
			isa = PBXTargetDependency;
			target = E90CFC2B213924C2009304EB /* TrackLive */;
			targetProxy = E90CFC41213924C3009304EB /* PBXContainerItemProxy */;
		};
		E90CFC4D213924C3009304EB /* PBXTargetDependency */ = {
			isa = PBXTargetDependency;
			target = E90CFC2B213924C2009304EB /* TrackLive */;
			targetProxy = E90CFC4C213924C3009304EB /* PBXContainerItemProxy */;
		};
/* End PBXTargetDependency section */

/* Begin PBXVariantGroup section */
		E90CFC33213924C2009304EB /* Main.storyboard */ = {
			isa = PBXVariantGroup;
			children = (
				E90CFC34213924C2009304EB /* Base */,
			);
			name = Main.storyboard;
			sourceTree = "<group>";
		};
		E90CFC38213924C3009304EB /* LaunchScreen.storyboard */ = {
			isa = PBXVariantGroup;
			children = (
				E90CFC39213924C3009304EB /* Base */,
			);
			name = LaunchScreen.storyboard;
			sourceTree = "<group>";
		};
/* End PBXVariantGroup section */

/* Begin XCBuildConfiguration section */
		E90CFC52213924C3009304EB /* Debug */ = {
			isa = XCBuildConfiguration;
			buildSettings = {
				ALWAYS_SEARCH_USER_PATHS = NO;
				CLANG_ANALYZER_NONNULL = YES;
				CLANG_ANALYZER_NUMBER_OBJECT_CONVERSION = YES_AGGRESSIVE;
				CLANG_CXX_LANGUAGE_STANDARD = "gnu++14";
				CLANG_CXX_LIBRARY = "libc++";
				CLANG_ENABLE_MODULES = YES;
				CLANG_ENABLE_OBJC_ARC = YES;
				CLANG_ENABLE_OBJC_WEAK = YES;
				CLANG_WARN_BLOCK_CAPTURE_AUTORELEASING = YES;
				CLANG_WARN_BOOL_CONVERSION = YES;
				CLANG_WARN_COMMA = YES;
				CLANG_WARN_CONSTANT_CONVERSION = YES;
				CLANG_WARN_DEPRECATED_OBJC_IMPLEMENTATIONS = YES;
				CLANG_WARN_DIRECT_OBJC_ISA_USAGE = YES_ERROR;
				CLANG_WARN_DOCUMENTATION_COMMENTS = YES;
				CLANG_WARN_EMPTY_BODY = YES;
				CLANG_WARN_ENUM_CONVERSION = YES;
				CLANG_WARN_INFINITE_RECURSION = YES;
				CLANG_WARN_INT_CONVERSION = YES;
				CLANG_WARN_NON_LITERAL_NULL_CONVERSION = YES;
				CLANG_WARN_OBJC_IMPLICIT_RETAIN_SELF = YES;
				CLANG_WARN_OBJC_LITERAL_CONVERSION = YES;
				CLANG_WARN_OBJC_ROOT_CLASS = YES_ERROR;
				CLANG_WARN_RANGE_LOOP_ANALYSIS = YES;
				CLANG_WARN_STRICT_PROTOTYPES = YES;
				CLANG_WARN_SUSPICIOUS_MOVE = YES;
				CLANG_WARN_UNGUARDED_AVAILABILITY = YES_AGGRESSIVE;
				CLANG_WARN_UNREACHABLE_CODE = YES;
				CLANG_WARN__DUPLICATE_METHOD_MATCH = YES;
				CODE_SIGN_IDENTITY = "iPhone Developer";
				COPY_PHASE_STRIP = NO;
				DEBUG_INFORMATION_FORMAT = dwarf;
				ENABLE_STRICT_OBJC_MSGSEND = YES;
				ENABLE_TESTABILITY = YES;
				GCC_C_LANGUAGE_STANDARD = gnu11;
				GCC_DYNAMIC_NO_PIC = NO;
				GCC_NO_COMMON_BLOCKS = YES;
				GCC_OPTIMIZATION_LEVEL = 0;
				GCC_PREPROCESSOR_DEFINITIONS = (
					"DEBUG=1",
					"$(inherited)",
				);
				GCC_WARN_64_TO_32_BIT_CONVERSION = YES;
				GCC_WARN_ABOUT_RETURN_TYPE = YES_ERROR;
				GCC_WARN_UNDECLARED_SELECTOR = YES;
				GCC_WARN_UNINITIALIZED_AUTOS = YES_AGGRESSIVE;
				GCC_WARN_UNUSED_FUNCTION = YES;
				GCC_WARN_UNUSED_VARIABLE = YES;
				IPHONEOS_DEPLOYMENT_TARGET = 11.4;
				MTL_ENABLE_DEBUG_INFO = YES;
				ONLY_ACTIVE_ARCH = YES;
				SDKROOT = iphoneos;
				SWIFT_ACTIVE_COMPILATION_CONDITIONS = DEBUG;
				SWIFT_OPTIMIZATION_LEVEL = "-Onone";
			};
			name = Debug;
		};
		E90CFC53213924C3009304EB /* Release */ = {
			isa = XCBuildConfiguration;
			buildSettings = {
				ALWAYS_SEARCH_USER_PATHS = NO;
				CLANG_ANALYZER_NONNULL = YES;
				CLANG_ANALYZER_NUMBER_OBJECT_CONVERSION = YES_AGGRESSIVE;
				CLANG_CXX_LANGUAGE_STANDARD = "gnu++14";
				CLANG_CXX_LIBRARY = "libc++";
				CLANG_ENABLE_MODULES = YES;
				CLANG_ENABLE_OBJC_ARC = YES;
				CLANG_ENABLE_OBJC_WEAK = YES;
				CLANG_WARN_BLOCK_CAPTURE_AUTORELEASING = YES;
				CLANG_WARN_BOOL_CONVERSION = YES;
				CLANG_WARN_COMMA = YES;
				CLANG_WARN_CONSTANT_CONVERSION = YES;
				CLANG_WARN_DEPRECATED_OBJC_IMPLEMENTATIONS = YES;
				CLANG_WARN_DIRECT_OBJC_ISA_USAGE = YES_ERROR;
				CLANG_WARN_DOCUMENTATION_COMMENTS = YES;
				CLANG_WARN_EMPTY_BODY = YES;
				CLANG_WARN_ENUM_CONVERSION = YES;
				CLANG_WARN_INFINITE_RECURSION = YES;
				CLANG_WARN_INT_CONVERSION = YES;
				CLANG_WARN_NON_LITERAL_NULL_CONVERSION = YES;
				CLANG_WARN_OBJC_IMPLICIT_RETAIN_SELF = YES;
				CLANG_WARN_OBJC_LITERAL_CONVERSION = YES;
				CLANG_WARN_OBJC_ROOT_CLASS = YES_ERROR;
				CLANG_WARN_RANGE_LOOP_ANALYSIS = YES;
				CLANG_WARN_STRICT_PROTOTYPES = YES;
				CLANG_WARN_SUSPICIOUS_MOVE = YES;
				CLANG_WARN_UNGUARDED_AVAILABILITY = YES_AGGRESSIVE;
				CLANG_WARN_UNREACHABLE_CODE = YES;
				CLANG_WARN__DUPLICATE_METHOD_MATCH = YES;
				CODE_SIGN_IDENTITY = "iPhone Developer";
				COPY_PHASE_STRIP = NO;
				DEBUG_INFORMATION_FORMAT = "dwarf-with-dsym";
				ENABLE_NS_ASSERTIONS = NO;
				ENABLE_STRICT_OBJC_MSGSEND = YES;
				GCC_C_LANGUAGE_STANDARD = gnu11;
				GCC_NO_COMMON_BLOCKS = YES;
				GCC_WARN_64_TO_32_BIT_CONVERSION = YES;
				GCC_WARN_ABOUT_RETURN_TYPE = YES_ERROR;
				GCC_WARN_UNDECLARED_SELECTOR = YES;
				GCC_WARN_UNINITIALIZED_AUTOS = YES_AGGRESSIVE;
				GCC_WARN_UNUSED_FUNCTION = YES;
				GCC_WARN_UNUSED_VARIABLE = YES;
				IPHONEOS_DEPLOYMENT_TARGET = 11.4;
				MTL_ENABLE_DEBUG_INFO = NO;
				SDKROOT = iphoneos;
				SWIFT_COMPILATION_MODE = wholemodule;
				SWIFT_OPTIMIZATION_LEVEL = "-O";
				VALIDATE_PRODUCT = YES;
			};
			name = Release;
		};
		E90CFC55213924C3009304EB /* Debug */ = {
			isa = XCBuildConfiguration;
			baseConfigurationReference = 26ADA49BBEC6BD0AB3EA10EE /* Pods-TrackLive.debug.xcconfig */;
			buildSettings = {
				ASSETCATALOG_COMPILER_APPICON_NAME = AppIcon;
				CODE_SIGN_STYLE = Automatic;
				DEVELOPMENT_TEAM = U8YE28MV9J;
				INFOPLIST_FILE = TrackLive/Info.plist;
				LD_RUNPATH_SEARCH_PATHS = (
					"$(inherited)",
					"@executable_path/Frameworks",
				);
				PRODUCT_BUNDLE_IDENTIFIER = com.m.TrackLive;
				PRODUCT_NAME = "$(TARGET_NAME)";
				SWIFT_VERSION = 4.0;
				TARGETED_DEVICE_FAMILY = "1,2";
			};
			name = Debug;
		};
		E90CFC56213924C3009304EB /* Release */ = {
			isa = XCBuildConfiguration;
			baseConfigurationReference = E1857736DAD0C57F462A24BD /* Pods-TrackLive.release.xcconfig */;
			buildSettings = {
				ASSETCATALOG_COMPILER_APPICON_NAME = AppIcon;
				CODE_SIGN_STYLE = Automatic;
				DEVELOPMENT_TEAM = U8YE28MV9J;
				INFOPLIST_FILE = TrackLive/Info.plist;
				LD_RUNPATH_SEARCH_PATHS = (
					"$(inherited)",
					"@executable_path/Frameworks",
				);
				PRODUCT_BUNDLE_IDENTIFIER = com.m.TrackLive;
				PRODUCT_NAME = "$(TARGET_NAME)";
				SWIFT_VERSION = 4.0;
				TARGETED_DEVICE_FAMILY = "1,2";
			};
			name = Release;
		};
		E90CFC58213924C3009304EB /* Debug */ = {
			isa = XCBuildConfiguration;
			buildSettings = {
				ALWAYS_EMBED_SWIFT_STANDARD_LIBRARIES = YES;
				BUNDLE_LOADER = "$(TEST_HOST)";
				CODE_SIGN_STYLE = Automatic;
				DEVELOPMENT_TEAM = U8YE28MV9J;
				INFOPLIST_FILE = TrackLiveTests/Info.plist;
				LD_RUNPATH_SEARCH_PATHS = (
					"$(inherited)",
					"@executable_path/Frameworks",
					"@loader_path/Frameworks",
				);
				PRODUCT_BUNDLE_IDENTIFIER = com.om.TrackLiveTests;
				PRODUCT_NAME = "$(TARGET_NAME)";
				SWIFT_VERSION = 4.0;
				TARGETED_DEVICE_FAMILY = "1,2";
				TEST_HOST = "$(BUILT_PRODUCTS_DIR)/TrackLive.app/TrackLive";
			};
			name = Debug;
		};
		E90CFC59213924C3009304EB /* Release */ = {
			isa = XCBuildConfiguration;
			buildSettings = {
				ALWAYS_EMBED_SWIFT_STANDARD_LIBRARIES = YES;
				BUNDLE_LOADER = "$(TEST_HOST)";
				CODE_SIGN_STYLE = Automatic;
				DEVELOPMENT_TEAM = U8YE28MV9J;
				INFOPLIST_FILE = TrackLiveTests/Info.plist;
				LD_RUNPATH_SEARCH_PATHS = (
					"$(inherited)",
					"@executable_path/Frameworks",
					"@loader_path/Frameworks",
				);
				PRODUCT_BUNDLE_IDENTIFIER = com.om.TrackLiveTests;
				PRODUCT_NAME = "$(TARGET_NAME)";
				SWIFT_VERSION = 4.0;
				TARGETED_DEVICE_FAMILY = "1,2";
				TEST_HOST = "$(BUILT_PRODUCTS_DIR)/TrackLive.app/TrackLive";
			};
			name = Release;
		};
		E90CFC5B213924C3009304EB /* Debug */ = {
			isa = XCBuildConfiguration;
			buildSettings = {
				ALWAYS_EMBED_SWIFT_STANDARD_LIBRARIES = YES;
				CODE_SIGN_STYLE = Automatic;
				DEVELOPMENT_TEAM = U8YE28MV9J;
				INFOPLIST_FILE = TrackLiveUITests/Info.plist;
				LD_RUNPATH_SEARCH_PATHS = (
					"$(inherited)",
					"@executable_path/Frameworks",
					"@loader_path/Frameworks",
				);
				PRODUCT_BUNDLE_IDENTIFIER = com.om.TrackLiveUITests;
				PRODUCT_NAME = "$(TARGET_NAME)";
				SWIFT_VERSION = 4.0;
				TARGETED_DEVICE_FAMILY = "1,2";
				TEST_TARGET_NAME = TrackLive;
			};
			name = Debug;
		};
		E90CFC5C213924C3009304EB /* Release */ = {
			isa = XCBuildConfiguration;
			buildSettings = {
				ALWAYS_EMBED_SWIFT_STANDARD_LIBRARIES = YES;
				CODE_SIGN_STYLE = Automatic;
				DEVELOPMENT_TEAM = U8YE28MV9J;
				INFOPLIST_FILE = TrackLiveUITests/Info.plist;
				LD_RUNPATH_SEARCH_PATHS = (
					"$(inherited)",
					"@executable_path/Frameworks",
					"@loader_path/Frameworks",
				);
				PRODUCT_BUNDLE_IDENTIFIER = com.om.TrackLiveUITests;
				PRODUCT_NAME = "$(TARGET_NAME)";
				SWIFT_VERSION = 4.0;
				TARGETED_DEVICE_FAMILY = "1,2";
				TEST_TARGET_NAME = TrackLive;
			};
			name = Release;
		};
/* End XCBuildConfiguration section */

/* Begin XCConfigurationList section */
		E90CFC27213924C2009304EB /* Build configuration list for PBXProject "TrackLive" */ = {
			isa = XCConfigurationList;
			buildConfigurations = (
				E90CFC52213924C3009304EB /* Debug */,
				E90CFC53213924C3009304EB /* Release */,
			);
			defaultConfigurationIsVisible = 0;
			defaultConfigurationName = Release;
		};
		E90CFC54213924C3009304EB /* Build configuration list for PBXNativeTarget "TrackLive" */ = {
			isa = XCConfigurationList;
			buildConfigurations = (
				E90CFC55213924C3009304EB /* Debug */,
				E90CFC56213924C3009304EB /* Release */,
			);
			defaultConfigurationIsVisible = 0;
			defaultConfigurationName = Release;
		};
		E90CFC57213924C3009304EB /* Build configuration list for PBXNativeTarget "TrackLiveTests" */ = {
			isa = XCConfigurationList;
			buildConfigurations = (
				E90CFC58213924C3009304EB /* Debug */,
				E90CFC59213924C3009304EB /* Release */,
			);
			defaultConfigurationIsVisible = 0;
			defaultConfigurationName = Release;
		};
		E90CFC5A213924C3009304EB /* Build configuration list for PBXNativeTarget "TrackLiveUITests" */ = {
			isa = XCConfigurationList;
			buildConfigurations = (
				E90CFC5B213924C3009304EB /* Debug */,
				E90CFC5C213924C3009304EB /* Release */,
			);
			defaultConfigurationIsVisible = 0;
			defaultConfigurationName = Release;
		};
/* End XCConfigurationList section */
	};
	rootObject = E90CFC24213924C2009304EB /* Project object */;
}
