
Microsoft Visual Studio Solution File, Format Version 12.00
# Visual Studio 15
VisualStudioVersion = 15.0.27703.2026
MinimumVisualStudioVersion = 10.0.40219.1
Project("{9092AA53-FB77-4645-B42D-1CCCA6BD08BD}") = "TrackLive.API", "TrackLive.API\TrackLive.API.njsproj", "{D36E9461-298A-4B6A-A31B-B998EC15B570}"
EndProject
Global
	GlobalSection(SolutionConfigurationPlatforms) = preSolution
		Debug|Any CPU = Debug|Any CPU
		Release|Any CPU = Release|Any CPU
	EndGlobalSection
	GlobalSection(ProjectConfigurationPlatforms) = postSolution
		{D36E9461-298A-4B6A-A31B-B998EC15B570}.Debug|Any CPU.ActiveCfg = Debug|Any CPU
		{D36E9461-298A-4B6A-A31B-B998EC15B570}.Debug|Any CPU.Build.0 = Debug|Any CPU
		{D36E9461-298A-4B6A-A31B-B998EC15B570}.Release|Any CPU.ActiveCfg = Release|Any CPU
		{D36E9461-298A-4B6A-A31B-B998EC15B570}.Release|Any CPU.Build.0 = Release|Any CPU
	EndGlobalSection
	GlobalSection(SolutionProperties) = preSolution
		HideSolutionNode = FALSE
	EndGlobalSection
	GlobalSection(ExtensibilityGlobals) = postSolution
		SolutionGuid = {18785953-5A82-4026-BEC1-40D30109253B}
	EndGlobalSection
EndGlobal
